// !$*UTF8*$!
{
	archiveVersion = 1;
	classes = {
	};
	objectVersion = 50;
	objects = {

/* Begin PBXBuildFile section */
		044A3A70224F33D30058CD8E /* AppDelegate.swift in Sources */ = {isa = PBXBuildFile; fileRef = 044A3A6F224F33D30058CD8E /* AppDelegate.swift */; };
		044A3A72224F33D30058CD8E /* ViewController.swift in Sources */ = {isa = PBXBuildFile; fileRef = 044A3A71224F33D30058CD8E /* ViewController.swift */; };
		044A3A75224F33D30058CD8E /* Main.storyboard in Resources */ = {isa = PBXBuildFile; fileRef = 044A3A73224F33D30058CD8E /* Main.storyboard */; };
		044A3A77224F33D50058CD8E /* Assets.xcassets in Resources */ = {isa = PBXBuildFile; fileRef = 044A3A76224F33D50058CD8E /* Assets.xcassets */; };
		044A3A7A224F33D50058CD8E /* LaunchScreen.storyboard in Resources */ = {isa = PBXBuildFile; fileRef = 044A3A78224F33D50058CD8E /* LaunchScreen.storyboard */; };
		044E56BB224F5F4F003DAD21 /* Pulsator.framework in Frameworks */ = {isa = PBXBuildFile; fileRef = 044E56BA224F5F4F003DAD21 /* Pulsator.framework */; };
		044E56BE224FFAA1003DAD21 /* BaseViewController.swift in Sources */ = {isa = PBXBuildFile; fileRef = 044E56BD224FFAA0003DAD21 /* BaseViewController.swift */; };
		044E56C02250030F003DAD21 /* TouchPointStateEnum.swift in Sources */ = {isa = PBXBuildFile; fileRef = 044E56BF2250030F003DAD21 /* TouchPointStateEnum.swift */; };
		044E56C2225060C8003DAD21 /* Extensions.swift in Sources */ = {isa = PBXBuildFile; fileRef = 044E56C1225060C8003DAD21 /* Extensions.swift */; };
		044E56C4225062B9003DAD21 /* TouchPointView.swift in Sources */ = {isa = PBXBuildFile; fileRef = 044E56C3225062B9003DAD21 /* TouchPointView.swift */; };
/* End PBXBuildFile section */

/* Begin PBXFileReference section */
		044A3A6C224F33D30058CD8E /* cs3339-proj-proto.app */ = {isa = PBXFileReference; explicitFileType = wrapper.application; includeInIndex = 0; path = "cs3339-proj-proto.app"; sourceTree = BUILT_PRODUCTS_DIR; };
		044A3A6F224F33D30058CD8E /* AppDelegate.swift */ = {isa = PBXFileReference; lastKnownFileType = sourcecode.swift; path = AppDelegate.swift; sourceTree = "<group>"; };
		044A3A71224F33D30058CD8E /* ViewController.swift */ = {isa = PBXFileReference; lastKnownFileType = sourcecode.swift; path = ViewController.swift; sourceTree = "<group>"; };
		044A3A74224F33D30058CD8E /* Base */ = {isa = PBXFileReference; lastKnownFileType = file.storyboard; name = Base; path = Base.lproj/Main.storyboard; sourceTree = "<group>"; };
		044A3A76224F33D50058CD8E /* Assets.xcassets */ = {isa = PBXFileReference; lastKnownFileType = folder.assetcatalog; path = Assets.xcassets; sourceTree = "<group>"; };
		044A3A79224F33D50058CD8E /* Base */ = {isa = PBXFileReference; lastKnownFileType = file.storyboard; name = Base; path = Base.lproj/LaunchScreen.storyboard; sourceTree = "<group>"; };
		044A3A7B224F33D50058CD8E /* Info.plist */ = {isa = PBXFileReference; lastKnownFileType = text.plist.xml; path = Info.plist; sourceTree = "<group>"; };
		044A3A81224F399D0058CD8E /* README.txt */ = {isa = PBXFileReference; lastKnownFileType = text; path = README.txt; sourceTree = "<group>"; };
		044E56BA224F5F4F003DAD21 /* Pulsator.framework */ = {isa = PBXFileReference; lastKnownFileType = wrapper.framework; name = Pulsator.framework; path = Carthage/Build/iOS/Pulsator.framework; sourceTree = "<group>"; };
		044E56BD224FFAA0003DAD21 /* BaseViewController.swift */ = {isa = PBXFileReference; lastKnownFileType = sourcecode.swift; path = BaseViewController.swift; sourceTree = "<group>"; };
		044E56BF2250030F003DAD21 /* TouchPointStateEnum.swift */ = {isa = PBXFileReference; lastKnownFileType = sourcecode.swift; path = TouchPointStateEnum.swift; sourceTree = "<group>"; };
		044E56C1225060C8003DAD21 /* Extensions.swift */ = {isa = PBXFileReference; lastKnownFileType = sourcecode.swift; path = Extensions.swift; sourceTree = "<group>"; };
		044E56C3225062B9003DAD21 /* TouchPointView.swift */ = {isa = PBXFileReference; lastKnownFileType = sourcecode.swift; path = TouchPointView.swift; sourceTree = "<group>"; };
/* End PBXFileReference section */

/* Begin PBXFrameworksBuildPhase section */
		044A3A69224F33D30058CD8E /* Frameworks */ = {
			isa = PBXFrameworksBuildPhase;
			buildActionMask = 2147483647;
			files = (
				044E56BB224F5F4F003DAD21 /* Pulsator.framework in Frameworks */,
			);
			runOnlyForDeploymentPostprocessing = 0;
		};
/* End PBXFrameworksBuildPhase section */

/* Begin PBXGroup section */
		044A3A63224F33D30058CD8E = {
			isa = PBXGroup;
			children = (
				044A3A6E224F33D30058CD8E /* cs3339-proj-proto */,
				044A3A6D224F33D30058CD8E /* Products */,
				044E56B9224F5F4F003DAD21 /* Frameworks */,
			);
			sourceTree = "<group>";
		};
		044A3A6D224F33D30058CD8E /* Products */ = {
			isa = PBXGroup;
			children = (
				044A3A6C224F33D30058CD8E /* cs3339-proj-proto.app */,
			);
			name = Products;
			sourceTree = "<group>";
		};
		044A3A6E224F33D30058CD8E /* cs3339-proj-proto */ = {
			isa = PBXGroup;
			children = (
				044A3A6F224F33D30058CD8E /* AppDelegate.swift */,
				044A3A76224F33D50058CD8E /* Assets.xcassets */,
				044E56BD224FFAA0003DAD21 /* BaseViewController.swift */,
				044E56C1225060C8003DAD21 /* Extensions.swift */,
				044A3A7B224F33D50058CD8E /* Info.plist */,
				044A3A78224F33D50058CD8E /* LaunchScreen.storyboard */,
				044A3A73224F33D30058CD8E /* Main.storyboard */,
				044A3A81224F399D0058CD8E /* README.txt */,
				044E56BF2250030F003DAD21 /* TouchPointStateEnum.swift */,
				044E56C3225062B9003DAD21 /* TouchPointView.swift */,
				044A3A71224F33D30058CD8E /* ViewController.swift */,
			);
			path = "cs3339-proj-proto";
			sourceTree = "<group>";
		};
		044E56B9224F5F4F003DAD21 /* Frameworks */ = {
			isa = PBXGroup;
			children = (
				044E56BA224F5F4F003DAD21 /* Pulsator.framework */,
			);
			name = Frameworks;
			sourceTree = "<group>";
		};
/* End PBXGroup section */

/* Begin PBXNativeTarget section */
		044A3A6B224F33D30058CD8E /* cs3339-proj-proto */ = {
			isa = PBXNativeTarget;
			buildConfigurationList = 044A3A7E224F33D50058CD8E /* Build configuration list for PBXNativeTarget "cs3339-proj-proto" */;
			buildPhases = (
				044A3A68224F33D30058CD8E /* Sources */,
				044A3A69224F33D30058CD8E /* Frameworks */,
				044A3A6A224F33D30058CD8E /* Resources */,
				044E56BC224F5F55003DAD21 /* ShellScript */,
			);
			buildRules = (
			);
			dependencies = (
			);
			name = "cs3339-proj-proto";
			productName = "cs3339-proj-proto";
			productReference = 044A3A6C224F33D30058CD8E /* cs3339-proj-proto.app */;
			productType = "com.apple.product-type.application";
		};
/* End PBXNativeTarget section */

/* Begin PBXProject section */
		044A3A64224F33D30058CD8E /* Project object */ = {
			isa = PBXProject;
			attributes = {
				LastSwiftUpdateCheck = 1020;
				LastUpgradeCheck = 1020;
				ORGANIZATIONNAME = "Connor Reid";
				TargetAttributes = {
					044A3A6B224F33D30058CD8E = {
						CreatedOnToolsVersion = 10.2;
					};
				};
			};
			buildConfigurationList = 044A3A67224F33D30058CD8E /* Build configuration list for PBXProject "cs3339-proj-proto" */;
			compatibilityVersion = "Xcode 9.3";
			developmentRegion = en;
			hasScannedForEncodings = 0;
			knownRegions = (
				en,
				Base,
			);
			mainGroup = 044A3A63224F33D30058CD8E;
			productRefGroup = 044A3A6D224F33D30058CD8E /* Products */;
			projectDirPath = "";
			projectRoot = "";
			targets = (
				044A3A6B224F33D30058CD8E /* cs3339-proj-proto */,
			);
		};
/* End PBXProject section */

/* Begin PBXResourcesBuildPhase section */
		044A3A6A224F33D30058CD8E /* Resources */ = {
			isa = PBXResourcesBuildPhase;
			buildActionMask = 2147483647;
			files = (
				044A3A7A224F33D50058CD8E /* LaunchScreen.storyboard in Resources */,
				044A3A77224F33D50058CD8E /* Assets.xcassets in Resources */,
				044A3A75224F33D30058CD8E /* Main.storyboard in Resources */,
			);
			runOnlyForDeploymentPostprocessing = 0;
		};
/* End PBXResourcesBuildPhase section */

/* Begin PBXShellScriptBuildPhase section */
		044E56BC224F5F55003DAD21 /* ShellScript */ = {
			isa = PBXShellScriptBuildPhase;
			buildActionMask = 2147483647;
			files = (
			);
			inputFileListPaths = (
			);
			inputPaths = (
				"$(SRCROOT)/Carthage/Build/iOS/Pulsator.framework",
			);
			outputFileListPaths = (
			);
			outputPaths = (
				"$(DERIVED_FILE_DIR)/Pulsator.framework",
			);
			runOnlyForDeploymentPostprocessing = 0;
			shellPath = /bin/sh;
			shellScript = "/usr/local/bin/carthage copy-frameworks\n";
		};
/* End PBXShellScriptBuildPhase section */

/* Begin PBXSourcesBuildPhase section */
		044A3A68224F33D30058CD8E /* Sources */ = {
			isa = PBXSourcesBuildPhase;
			buildActionMask = 2147483647;
			files = (
				044E56C2225060C8003DAD21 /* Extensions.swift in Sources */,
				044E56C4225062B9003DAD21 /* TouchPointView.swift in Sources */,
				044A3A72224F33D30058CD8E /* ViewController.swift in Sources */,
				044A3A70224F33D30058CD8E /* AppDelegate.swift in Sources */,
				044E56BE224FFAA1003DAD21 /* BaseViewController.swift in Sources */,
				044E56C02250030F003DAD21 /* TouchPointStateEnum.swift in Sources */,
			);
			runOnlyForDeploymentPostprocessing = 0;
		};
/* End PBXSourcesBuildPhase section */

/* Begin PBXVariantGroup section */
		044A3A73224F33D30058CD8E /* Main.storyboard */ = {
			isa = PBXVariantGroup;
			children = (
				044A3A74224F33D30058CD8E /* Base */,
			);
			name = Main.storyboard;
			sourceTree = "<group>";
		};
		044A3A78224F33D50058CD8E /* LaunchScreen.storyboard */ = {
			isa = PBXVariantGroup;
			children = (
				044A3A79224F33D50058CD8E /* Base */,
			);
			name = LaunchScreen.storyboard;
			sourceTree = "<group>";
		};
/* End PBXVariantGroup section */

/* Begin XCBuildConfiguration section */
		044A3A7C224F33D50058CD8E /* Debug */ = {
			isa = XCBuildConfiguration;
			buildSettings = {
				ALWAYS_SEARCH_USER_PATHS = NO;
				CLANG_ANALYZER_NONNULL = YES;
				CLANG_ANALYZER_NUMBER_OBJECT_CONVERSION = YES_AGGRESSIVE;
				CLANG_CXX_LANGUAGE_STANDARD = "gnu++14";
				CLANG_CXX_LIBRARY = "libc++";
				CLANG_ENABLE_MODULES = YES;
				CLANG_ENABLE_OBJC_ARC = YES;
				CLANG_ENABLE_OBJC_WEAK = YES;
				CLANG_WARN_BLOCK_CAPTURE_AUTORELEASING = YES;
				CLANG_WARN_BOOL_CONVERSION = YES;
				CLANG_WARN_COMMA = YES;
				CLANG_WARN_CONSTANT_CONVERSION = YES;
				CLANG_WARN_DEPRECATED_OBJC_IMPLEMENTATIONS = YES;
				CLANG_WARN_DIRECT_OBJC_ISA_USAGE = YES_ERROR;
				CLANG_WARN_DOCUMENTATION_COMMENTS = YES;
				CLANG_WARN_EMPTY_BODY = YES;
				CLANG_WARN_ENUM_CONVERSION = YES;
				CLANG_WARN_INFINITE_RECURSION = YES;
				CLANG_WARN_INT_CONVERSION = YES;
				CLANG_WARN_NON_LITERAL_NULL_CONVERSION = YES;
				CLANG_WARN_OBJC_IMPLICIT_RETAIN_SELF = YES;
				CLANG_WARN_OBJC_LITERAL_CONVERSION = YES;
				CLANG_WARN_OBJC_ROOT_CLASS = YES_ERROR;
				CLANG_WARN_RANGE_LOOP_ANALYSIS = YES;
				CLANG_WARN_STRICT_PROTOTYPES = YES;
				CLANG_WARN_SUSPICIOUS_MOVE = YES;
				CLANG_WARN_UNGUARDED_AVAILABILITY = YES_AGGRESSIVE;
				CLANG_WARN_UNREACHABLE_CODE = YES;
				CLANG_WARN__DUPLICATE_METHOD_MATCH = YES;
				CODE_SIGN_IDENTITY = "iPhone Developer";
				COPY_PHASE_STRIP = NO;
				DEBUG_INFORMATION_FORMAT = dwarf;
				ENABLE_STRICT_OBJC_MSGSEND = YES;
				ENABLE_TESTABILITY = YES;
				GCC_C_LANGUAGE_STANDARD = gnu11;
				GCC_DYNAMIC_NO_PIC = NO;
				GCC_NO_COMMON_BLOCKS = YES;
				GCC_OPTIMIZATION_LEVEL = 0;
				GCC_PREPROCESSOR_DEFINITIONS = (
					"DEBUG=1",
					"$(inherited)",
				);
				GCC_WARN_64_TO_32_BIT_CONVERSION = YES;
				GCC_WARN_ABOUT_RETURN_TYPE = YES_ERROR;
				GCC_WARN_UNDECLARED_SELECTOR = YES;
				GCC_WARN_UNINITIALIZED_AUTOS = YES_AGGRESSIVE;
				GCC_WARN_UNUSED_FUNCTION = YES;
				GCC_WARN_UNUSED_VARIABLE = YES;
				IPHONEOS_DEPLOYMENT_TARGET = 12.2;
				MTL_ENABLE_DEBUG_INFO = INCLUDE_SOURCE;
				MTL_FAST_MATH = YES;
				ONLY_ACTIVE_ARCH = YES;
				SDKROOT = iphoneos;
				SWIFT_ACTIVE_COMPILATION_CONDITIONS = DEBUG;
				SWIFT_OPTIMIZATION_LEVEL = "-Onone";
			};
			name = Debug;
		};
		044A3A7D224F33D50058CD8E /* Release */ = {
			isa = XCBuildConfiguration;
			buildSettings = {
				ALWAYS_SEARCH_USER_PATHS = NO;
				CLANG_ANALYZER_NONNULL = YES;
				CLANG_ANALYZER_NUMBER_OBJECT_CONVERSION = YES_AGGRESSIVE;
				CLANG_CXX_LANGUAGE_STANDARD = "gnu++14";
				CLANG_CXX_LIBRARY = "libc++";
				CLANG_ENABLE_MODULES = YES;
				CLANG_ENABLE_OBJC_ARC = YES;
				CLANG_ENABLE_OBJC_WEAK = YES;
				CLANG_WARN_BLOCK_CAPTURE_AUTORELEASING = YES;
				CLANG_WARN_BOOL_CONVERSION = YES;
				CLANG_WARN_COMMA = YES;
				CLANG_WARN_CONSTANT_CONVERSION = YES;
				CLANG_WARN_DEPRECATED_OBJC_IMPLEMENTATIONS = YES;
				CLANG_WARN_DIRECT_OBJC_ISA_USAGE = YES_ERROR;
				CLANG_WARN_DOCUMENTATION_COMMENTS = YES;
				CLANG_WARN_EMPTY_BODY = YES;
				CLANG_WARN_ENUM_CONVERSION = YES;
				CLANG_WARN_INFINITE_RECURSION = YES;
				CLANG_WARN_INT_CONVERSION = YES;
				CLANG_WARN_NON_LITERAL_NULL_CONVERSION = YES;
				CLANG_WARN_OBJC_IMPLICIT_RETAIN_SELF = YES;
				CLANG_WARN_OBJC_LITERAL_CONVERSION = YES;
				CLANG_WARN_OBJC_ROOT_CLASS = YES_ERROR;
				CLANG_WARN_RANGE_LOOP_ANALYSIS = YES;
				CLANG_WARN_STRICT_PROTOTYPES = YES;
				CLANG_WARN_SUSPICIOUS_MOVE = YES;
				CLANG_WARN_UNGUARDED_AVAILABILITY = YES_AGGRESSIVE;
				CLANG_WARN_UNREACHABLE_CODE = YES;
				CLANG_WARN__DUPLICATE_METHOD_MATCH = YES;
				CODE_SIGN_IDENTITY = "iPhone Developer";
				COPY_PHASE_STRIP = NO;
				DEBUG_INFORMATION_FORMAT = "dwarf-with-dsym";
				ENABLE_NS_ASSERTIONS = NO;
				ENABLE_STRICT_OBJC_MSGSEND = YES;
				GCC_C_LANGUAGE_STANDARD = gnu11;
				GCC_NO_COMMON_BLOCKS = YES;
				GCC_WARN_64_TO_32_BIT_CONVERSION = YES;
				GCC_WARN_ABOUT_RETURN_TYPE = YES_ERROR;
				GCC_WARN_UNDECLARED_SELECTOR = YES;
				GCC_WARN_UNINITIALIZED_AUTOS = YES_AGGRESSIVE;
				GCC_WARN_UNUSED_FUNCTION = YES;
				GCC_WARN_UNUSED_VARIABLE = YES;
				IPHONEOS_DEPLOYMENT_TARGET = 12.2;
				MTL_ENABLE_DEBUG_INFO = NO;
				MTL_FAST_MATH = YES;
				SDKROOT = iphoneos;
				SWIFT_COMPILATION_MODE = wholemodule;
				SWIFT_OPTIMIZATION_LEVEL = "-O";
				VALIDATE_PRODUCT = YES;
			};
			name = Release;
		};
		044A3A7F224F33D50058CD8E /* Debug */ = {
			isa = XCBuildConfiguration;
			buildSettings = {
				ASSETCATALOG_COMPILER_APPICON_NAME = AppIcon;
				CODE_SIGN_STYLE = Automatic;
				FRAMEWORK_SEARCH_PATHS = (
					"$(inherited)",
					"$(PROJECT_DIR)/Carthage/Build/iOS",
				);
				INFOPLIST_FILE = "cs3339-proj-proto/Info.plist";
				LD_RUNPATH_SEARCH_PATHS = (
					"$(inherited)",
					"@executable_path/Frameworks",
				);
				PRODUCT_BUNDLE_IDENTIFIER = "com.cs3339-proj-proto";
				PRODUCT_NAME = "$(TARGET_NAME)";
				SWIFT_VERSION = 5.0;
				TARGETED_DEVICE_FAMILY = "1,2";
			};
			name = Debug;
		};
		044A3A80224F33D50058CD8E /* Release */ = {
			isa = XCBuildConfiguration;
			buildSettings = {
				ASSETCATALOG_COMPILER_APPICON_NAME = AppIcon;
				CODE_SIGN_STYLE = Automatic;
				FRAMEWORK_SEARCH_PATHS = (
					"$(inherited)",
					"$(PROJECT_DIR)/Carthage/Build/iOS",
				);
				INFOPLIST_FILE = "cs3339-proj-proto/Info.plist";
				LD_RUNPATH_SEARCH_PATHS = (
					"$(inherited)",
					"@executable_path/Frameworks",
				);
				PRODUCT_BUNDLE_IDENTIFIER = "com.cs3339-proj-proto";
				PRODUCT_NAME = "$(TARGET_NAME)";
				SWIFT_VERSION = 5.0;
				TARGETED_DEVICE_FAMILY = "1,2";
			};
			name = Release;
		};
/* End XCBuildConfiguration section */

/* Begin XCConfigurationList section */
		044A3A67224F33D30058CD8E /* Build configuration list for PBXProject "cs3339-proj-proto" */ = {
			isa = XCConfigurationList;
			buildConfigurations = (
				044A3A7C224F33D50058CD8E /* Debug */,
				044A3A7D224F33D50058CD8E /* Release */,
			);
			defaultConfigurationIsVisible = 0;
			defaultConfigurationName = Release;
		};
		044A3A7E224F33D50058CD8E /* Build configuration list for PBXNativeTarget "cs3339-proj-proto" */ = {
			isa = XCConfigurationList;
			buildConfigurations = (
				044A3A7F224F33D50058CD8E /* Debug */,
				044A3A80224F33D50058CD8E /* Release */,
			);
			defaultConfigurationIsVisible = 0;
			defaultConfigurationName = Release;
		};
/* End XCConfigurationList section */
	};
	rootObject = 044A3A64224F33D30058CD8E /* Project object */;
}
